
Microsoft Visual Studio Solution File, Format Version 12.00
Project("{FAE04EC0-301F-11D3-BF4B-00C04F79EFBC}") = "GithubStarSearch", "GithubStarSearch\GithubStarSearch.csproj", "{6373BADE-224D-446D-BC0D-BE0A80E6804A}"
EndProject
Global
	GlobalSection(SolutionConfigurationPlatforms) = preSolution
		Debug|Any CPU = Debug|Any CPU
		Release|Any CPU = Release|Any CPU
	EndGlobalSection
	GlobalSection(ProjectConfigurationPlatforms) = postSolution
		{6373BADE-224D-446D-BC0D-BE0A80E6804A}.Debug|Any CPU.ActiveCfg = Debug|Any CPU
		{6373BADE-224D-446D-BC0D-BE0A80E6804A}.Debug|Any CPU.Build.0 = Debug|Any CPU
		{6373BADE-224D-446D-BC0D-BE0A80E6804A}.Release|Any CPU.ActiveCfg = Release|Any CPU
		{6373BADE-224D-446D-BC0D-BE0A80E6804A}.Release|Any CPU.Build.0 = Release|Any CPU
	EndGlobalSection
EndGlobal
